
Microsoft Visual Studio Solution File, Format Version 12.00
# Visual Studio Version 17
VisualStudioVersion = 17.0.31903.59
MinimumVisualStudioVersion = 10.0.40219.1
Project("{FAE04EC0-301F-11D3-BF4B-00C04F79EFBC}") = "TvMaze.Client", "TvMaze.Client\TvMaze.Client.csproj", "{2275329F-267C-4191-9E7C-495A1E567CB0}"
EndProject
Project("{FAE04EC0-301F-11D3-BF4B-00C04F79EFBC}") = "TvMaze.Client.Console", "TvMaze.Client.Console\TvMaze.Client.Console.csproj", "{63EFCBD3-9FAB-41F9-B7B1-CF5653784CF1}"
EndProject
Project("{FAE04EC0-301F-11D3-BF4B-00C04F79EFBC}") = "TvMazeScraper.Api", "TvMazeScraper.Api\TvMazeScraper.Api.csproj", "{65C377E9-B37E-4F25-87D4-E5DD44367161}"
EndProject
Global
	GlobalSection(SolutionConfigurationPlatforms) = preSolution
		Debug|Any CPU = Debug|Any CPU
		Release|Any CPU = Release|Any CPU
	EndGlobalSection
	GlobalSection(SolutionProperties) = preSolution
		HideSolutionNode = FALSE
	EndGlobalSection
	GlobalSection(ProjectConfigurationPlatforms) = postSolution
		{2275329F-267C-4191-9E7C-495A1E567CB0}.Debug|Any CPU.ActiveCfg = Debug|Any CPU
		{2275329F-267C-4191-9E7C-495A1E567CB0}.Debug|Any CPU.Build.0 = Debug|Any CPU
		{2275329F-267C-4191-9E7C-495A1E567CB0}.Release|Any CPU.ActiveCfg = Release|Any CPU
		{2275329F-267C-4191-9E7C-495A1E567CB0}.Release|Any CPU.Build.0 = Release|Any CPU
		{63EFCBD3-9FAB-41F9-B7B1-CF5653784CF1}.Debug|Any CPU.ActiveCfg = Debug|Any CPU
		{63EFCBD3-9FAB-41F9-B7B1-CF5653784CF1}.Debug|Any CPU.Build.0 = Debug|Any CPU
		{63EFCBD3-9FAB-41F9-B7B1-CF5653784CF1}.Release|Any CPU.ActiveCfg = Release|Any CPU
		{63EFCBD3-9FAB-41F9-B7B1-CF5653784CF1}.Release|Any CPU.Build.0 = Release|Any CPU
		{65C377E9-B37E-4F25-87D4-E5DD44367161}.Debug|Any CPU.ActiveCfg = Debug|Any CPU
		{65C377E9-B37E-4F25-87D4-E5DD44367161}.Debug|Any CPU.Build.0 = Debug|Any CPU
		{65C377E9-B37E-4F25-87D4-E5DD44367161}.Release|Any CPU.ActiveCfg = Release|Any CPU
		{65C377E9-B37E-4F25-87D4-E5DD44367161}.Release|Any CPU.Build.0 = Release|Any CPU
	EndGlobalSection
EndGlobal
